
Microsoft Visual Studio Solution File, Format Version 12.00
# Visual Studio 15
VisualStudioVersion = 15.0.28307.2017
MinimumVisualStudioVersion = 10.0.40219.1
Project("{8BC9CEB8-8B4A-11D0-8D11-00A0C91BC942}") = "DetoursHook", "DetoursHook\DetoursHook.vcxproj", "{3F10B3A8-4AA1-4E96-830C-7253FC6A8DC9}"
EndProject
Project("{8BC9CEB8-8B4A-11D0-8D11-00A0C91BC942}") = "UseDetours", "UseDetours\UseDetours.vcxproj", "{8A5C2B67-D1A0-46EC-9FA5-332E243FFA1C}"
EndProject
Global
	GlobalSection(SolutionConfigurationPlatforms) = preSolution
		Debug|x64 = Debug|x64
		Debug|x86 = Debug|x86
		Release|x64 = Release|x64
		Release|x86 = Release|x86
	EndGlobalSection
	GlobalSection(ProjectConfigurationPlatforms) = postSolution
		{3F10B3A8-4AA1-4E96-830C-7253FC6A8DC9}.Debug|x64.ActiveCfg = Debug|x64
		{3F10B3A8-4AA1-4E96-830C-7253FC6A8DC9}.Debug|x64.Build.0 = Debug|x64
		{3F10B3A8-4AA1-4E96-830C-7253FC6A8DC9}.Debug|x86.ActiveCfg = Debug|Win32
		{3F10B3A8-4AA1-4E96-830C-7253FC6A8DC9}.Debug|x86.Build.0 = Debug|Win32
		{3F10B3A8-4AA1-4E96-830C-7253FC6A8DC9}.Release|x64.ActiveCfg = Release|x64
		{3F10B3A8-4AA1-4E96-830C-7253FC6A8DC9}.Release|x64.Build.0 = Release|x64
		{3F10B3A8-4AA1-4E96-830C-7253FC6A8DC9}.Release|x86.ActiveCfg = Release|Win32
		{3F10B3A8-4AA1-4E96-830C-7253FC6A8DC9}.Release|x86.Build.0 = Release|Win32
		{8A5C2B67-D1A0-46EC-9FA5-332E243FFA1C}.Debug|x64.ActiveCfg = Debug|x64
		{8A5C2B67-D1A0-46EC-9FA5-332E243FFA1C}.Debug|x64.Build.0 = Debug|x64
		{8A5C2B67-D1A0-46EC-9FA5-332E243FFA1C}.Debug|x86.ActiveCfg = Debug|Win32
		{8A5C2B67-D1A0-46EC-9FA5-332E243FFA1C}.Debug|x86.Build.0 = Debug|Win32
		{8A5C2B67-D1A0-46EC-9FA5-332E243FFA1C}.Release|x64.ActiveCfg = Release|x64
		{8A5C2B67-D1A0-46EC-9FA5-332E243FFA1C}.Release|x64.Build.0 = Release|x64
		{8A5C2B67-D1A0-46EC-9FA5-332E243FFA1C}.Release|x86.ActiveCfg = Release|Win32
		{8A5C2B67-D1A0-46EC-9FA5-332E243FFA1C}.Release|x86.Build.0 = Release|Win32
	EndGlobalSection
	GlobalSection(SolutionProperties) = preSolution
		HideSolutionNode = FALSE
	EndGlobalSection
	GlobalSection(ExtensibilityGlobals) = postSolution
		SolutionGuid = {0E304EBD-4F82-424C-B938-9295B68AFBBA}
	EndGlobalSection
EndGlobal
